
Microsoft Visual Studio Solution File, Format Version 12.00
# Visual Studio 15
VisualStudioVersion = 15.0.27004.2009
MinimumVisualStudioVersion = 10.0.40219.1
Project("{8BC9CEB8-8B4A-11D0-8D11-00A0C91BC942}") = "project-library", "project-library\project-library.vcxproj", "{13D408E1-FBCD-409D-8B42-AFD0EE3ACD68}"
EndProject
Global
	GlobalSection(SolutionConfigurationPlatforms) = preSolution
		Debug|x64 = Debug|x64
		Debug|x86 = Debug|x86
		Release|x64 = Release|x64
		Release|x86 = Release|x86
	EndGlobalSection
	GlobalSection(ProjectConfigurationPlatforms) = postSolution
		{13D408E1-FBCD-409D-8B42-AFD0EE3ACD68}.Debug|x64.ActiveCfg = Debug|x64
		{13D408E1-FBCD-409D-8B42-AFD0EE3ACD68}.Debug|x64.Build.0 = Debug|x64
		{13D408E1-FBCD-409D-8B42-AFD0EE3ACD68}.Debug|x86.ActiveCfg = Debug|Win32
		{13D408E1-FBCD-409D-8B42-AFD0EE3ACD68}.Debug|x86.Build.0 = Debug|Win32
		{13D408E1-FBCD-409D-8B42-AFD0EE3ACD68}.Release|x64.ActiveCfg = Release|x64
		{13D408E1-FBCD-409D-8B42-AFD0EE3ACD68}.Release|x64.Build.0 = Release|x64
		{13D408E1-FBCD-409D-8B42-AFD0EE3ACD68}.Release|x86.ActiveCfg = Release|Win32
		{13D408E1-FBCD-409D-8B42-AFD0EE3ACD68}.Release|x86.Build.0 = Release|Win32
	EndGlobalSection
	GlobalSection(SolutionProperties) = preSolution
		HideSolutionNode = FALSE
	EndGlobalSection
	GlobalSection(ExtensibilityGlobals) = postSolution
		SolutionGuid = {C01939C7-32A8-4BB2-B6E9-678DEE9383B2}
	EndGlobalSection
EndGlobal
